
Microsoft Visual Studio Solution File, Format Version 12.00
# Visual Studio Version 17
VisualStudioVersion = 17.10.35013.160
MinimumVisualStudioVersion = 10.0.40219.1
Project("{FAE04EC0-301F-11D3-BF4B-00C04F79EFBC}") = "BookReadingApp", "BookReadingApp\BookReadingApp.csproj", "{24AEE5DD-7B05-4B48-A27F-F3B9FB947FDB}"
EndProject
Global
	GlobalSection(SolutionConfigurationPlatforms) = preSolution
		Debug|Any CPU = Debug|Any CPU
		Release|Any CPU = Release|Any CPU
	EndGlobalSection
	GlobalSection(ProjectConfigurationPlatforms) = postSolution
		{24AEE5DD-7B05-4B48-A27F-F3B9FB947FDB}.Debug|Any CPU.ActiveCfg = Debug|Any CPU
		{24AEE5DD-7B05-4B48-A27F-F3B9FB947FDB}.Debug|Any CPU.Build.0 = Debug|Any CPU
		{24AEE5DD-7B05-4B48-A27F-F3B9FB947FDB}.Release|Any CPU.ActiveCfg = Release|Any CPU
		{24AEE5DD-7B05-4B48-A27F-F3B9FB947FDB}.Release|Any CPU.Build.0 = Release|Any CPU
	EndGlobalSection
	GlobalSection(SolutionProperties) = preSolution
		HideSolutionNode = FALSE
	EndGlobalSection
	GlobalSection(ExtensibilityGlobals) = postSolution
		SolutionGuid = {178DF040-1307-4E12-9CDA-8481F3FDE2A7}
	EndGlobalSection
EndGlobal
